// !$*UTF8*$!
{
	archiveVersion = 1;
	classes = {
	};
	objectVersion = 56;
	objects = {

/* Begin PBXBuildFile section */
		A10000000000000000000001 /* QuickSaveApp.swift in Sources */ = {isa = PBXBuildFile; fileRef = A20000000000000000000001 /* QuickSaveApp.swift */; };
		A10000000000000000000002 /* ClipModels.swift in Sources */ = {isa = PBXBuildFile; fileRef = A20000000000000000000002 /* ClipModels.swift */; };
		A10000000000000000000003 /* PreferencesStore.swift in Sources */ = {isa = PBXBuildFile; fileRef = A20000000000000000000003 /* PreferencesStore.swift */; };
		A10000000000000000000004 /* BookmarkFileDataSource.swift in Sources */ = {isa = PBXBuildFile; fileRef = A20000000000000000000004 /* BookmarkFileDataSource.swift */; };
		A10000000000000000000005 /* SharedPayloadStore.swift in Sources */ = {isa = PBXBuildFile; fileRef = A20000000000000000000005 /* SharedPayloadStore.swift */; };
		A10000000000000000000006 /* ClipRepository.swift in Sources */ = {isa = PBXBuildFile; fileRef = A20000000000000000000006 /* ClipRepository.swift */; };
		A10000000000000000000007 /* AppDependencies.swift in Sources */ = {isa = PBXBuildFile; fileRef = A20000000000000000000007 /* AppDependencies.swift */; };
		A10000000000000000000008 /* HomeViewModel.swift in Sources */ = {isa = PBXBuildFile; fileRef = A20000000000000000000008 /* HomeViewModel.swift */; };
		A10000000000000000000009 /* SettingsViewModel.swift in Sources */ = {isa = PBXBuildFile; fileRef = A20000000000000000000009 /* SettingsViewModel.swift */; };
		A1000000000000000000000A /* QuickSaveStyle.swift in Sources */ = {isa = PBXBuildFile; fileRef = A2000000000000000000000A /* QuickSaveStyle.swift */; };
		A1000000000000000000000B /* HomeView.swift in Sources */ = {isa = PBXBuildFile; fileRef = A2000000000000000000000B /* HomeView.swift */; };
		A1000000000000000000000C /* SettingsView.swift in Sources */ = {isa = PBXBuildFile; fileRef = A2000000000000000000000C /* SettingsView.swift */; };
		A10000000000000000000013 /* AppIntents.swift in Sources */ = {isa = PBXBuildFile; fileRef = A20000000000000000000011 /* AppIntents.swift */; };
		A1000000000000000000000D /* ShareViewController.swift in Sources */ = {isa = PBXBuildFile; fileRef = A2000000000000000000000D /* ShareViewController.swift */; };
		A1000000000000000000000E /* ClipRepositoryTests.swift in Sources */ = {isa = PBXBuildFile; fileRef = A2000000000000000000000E /* ClipRepositoryTests.swift */; };
		A1000000000000000000000F /* HomeViewModelTests.swift in Sources */ = {isa = PBXBuildFile; fileRef = A2000000000000000000000F /* HomeViewModelTests.swift */; };
		A10000000000000000000010 /* SharedPayloadStoreTests.swift in Sources */ = {isa = PBXBuildFile; fileRef = A20000000000000000000010 /* SharedPayloadStoreTests.swift */; };
		A10000000000000000000011 /* SharedPayloadStore.swift in Share Sources */ = {isa = PBXBuildFile; fileRef = A20000000000000000000005 /* SharedPayloadStore.swift */; };
		A10000000000000000000014 /* ClipModels.swift in Share Sources */ = {isa = PBXBuildFile; fileRef = A20000000000000000000002 /* ClipModels.swift */; };
		A10000000000000000000015 /* PreferencesStore.swift in Share Sources */ = {isa = PBXBuildFile; fileRef = A20000000000000000000003 /* PreferencesStore.swift */; };
		A10000000000000000000016 /* BookmarkFileDataSource.swift in Share Sources */ = {isa = PBXBuildFile; fileRef = A20000000000000000000004 /* BookmarkFileDataSource.swift */; };
		A10000000000000000000017 /* ClipRepository.swift in Share Sources */ = {isa = PBXBuildFile; fileRef = A20000000000000000000006 /* ClipRepository.swift */; };
		A10000000000000000000012 /* QuickSaveShare.appex in Embed Foundation Extensions */ = {isa = PBXBuildFile; fileRef = A20000000000000000000021 /* QuickSaveShare.appex */; settings = {ATTRIBUTES = (RemoveHeadersOnCopy, ); }; };
		A10000000000000000000030 /* QuickSaveWidgetBundle.swift in Sources */ = {isa = PBXBuildFile; fileRef = A20000000000000000000030 /* QuickSaveWidgetBundle.swift */; };
		A10000000000000000000031 /* SaveClipboardIntent.swift in Sources */ = {isa = PBXBuildFile; fileRef = A20000000000000000000031 /* SaveClipboardIntent.swift */; };
		A10000000000000000000032 /* ClipModels.swift in Widget Sources */ = {isa = PBXBuildFile; fileRef = A20000000000000000000002 /* ClipModels.swift */; };
		A10000000000000000000033 /* PreferencesStore.swift in Widget Sources */ = {isa = PBXBuildFile; fileRef = A20000000000000000000003 /* PreferencesStore.swift */; };
		A10000000000000000000034 /* BookmarkFileDataSource.swift in Widget Sources */ = {isa = PBXBuildFile; fileRef = A20000000000000000000004 /* BookmarkFileDataSource.swift */; };
		A10000000000000000000035 /* ClipRepository.swift in Widget Sources */ = {isa = PBXBuildFile; fileRef = A20000000000000000000006 /* ClipRepository.swift */; };
		A10000000000000000000036 /* SharedPayloadStore.swift in Widget Sources */ = {isa = PBXBuildFile; fileRef = A20000000000000000000005 /* SharedPayloadStore.swift */; };
		A10000000000000000000037 /* QuickSaveResultStore.swift in Widget Sources */ = {isa = PBXBuildFile; fileRef = A20000000000000000000035 /* QuickSaveResultStore.swift */; };
		A10000000000000000000038 /* QuickSaveResultStore.swift in Sources */ = {isa = PBXBuildFile; fileRef = A20000000000000000000035 /* QuickSaveResultStore.swift */; };
		A10000000000000000000039 /* QuickSaveWidget.appex in Embed Foundation Extensions */ = {isa = PBXBuildFile; fileRef = A20000000000000000000034 /* QuickSaveWidget.appex */; settings = {ATTRIBUTES = (RemoveHeadersOnCopy, ); }; };
		A1000000000000000000003B /* QuickSaveServiceTests.swift in Test Sources */ = {isa = PBXBuildFile; fileRef = A20000000000000000000036 /* QuickSaveServiceTests.swift */; };
		A1000000000000000000003E /* QuickSaveIntegrationTests.swift in Test Sources */ = {isa = PBXBuildFile; fileRef = A20000000000000000000037 /* QuickSaveIntegrationTests.swift */; };
		A1000000000000000000003C /* QuickSaveService.swift in Sources */ = {isa = PBXBuildFile; fileRef = A20000000000000000000032 /* QuickSaveService.swift */; };
		A1000000000000000000003D /* QuickSaveService.swift in Widget Sources */ = {isa = PBXBuildFile; fileRef = A20000000000000000000032 /* QuickSaveService.swift */; };
		A10000000000000000000040 /* QuickSaveUITests.swift in UITest Sources */ = {isa = PBXBuildFile; fileRef = A20000000000000000000038 /* QuickSaveUITests.swift */; };
/* End PBXBuildFile section */

/* Begin PBXFileReference section */
		A20000000000000000000001 /* QuickSaveApp.swift */ = {isa = PBXFileReference; lastKnownFileType = sourcecode.swift; path = QuickSaveApp.swift; sourceTree = "<group>"; };
		A20000000000000000000002 /* ClipModels.swift */ = {isa = PBXFileReference; lastKnownFileType = sourcecode.swift; path = ClipModels.swift; sourceTree = "<group>"; };
		A20000000000000000000003 /* PreferencesStore.swift */ = {isa = PBXFileReference; lastKnownFileType = sourcecode.swift; path = PreferencesStore.swift; sourceTree = "<group>"; };
		A20000000000000000000004 /* BookmarkFileDataSource.swift */ = {isa = PBXFileReference; lastKnownFileType = sourcecode.swift; path = BookmarkFileDataSource.swift; sourceTree = "<group>"; };
		A20000000000000000000005 /* SharedPayloadStore.swift */ = {isa = PBXFileReference; lastKnownFileType = sourcecode.swift; path = SharedPayloadStore.swift; sourceTree = "<group>"; };
		A20000000000000000000006 /* ClipRepository.swift */ = {isa = PBXFileReference; lastKnownFileType = sourcecode.swift; path = ClipRepository.swift; sourceTree = "<group>"; };
		A20000000000000000000007 /* AppDependencies.swift */ = {isa = PBXFileReference; lastKnownFileType = sourcecode.swift; path = AppDependencies.swift; sourceTree = "<group>"; };
		A20000000000000000000008 /* HomeViewModel.swift */ = {isa = PBXFileReference; lastKnownFileType = sourcecode.swift; path = HomeViewModel.swift; sourceTree = "<group>"; };
		A20000000000000000000009 /* SettingsViewModel.swift */ = {isa = PBXFileReference; lastKnownFileType = sourcecode.swift; path = SettingsViewModel.swift; sourceTree = "<group>"; };
		A2000000000000000000000A /* QuickSaveStyle.swift */ = {isa = PBXFileReference; lastKnownFileType = sourcecode.swift; path = QuickSaveStyle.swift; sourceTree = "<group>"; };
		A2000000000000000000000B /* HomeView.swift */ = {isa = PBXFileReference; lastKnownFileType = sourcecode.swift; path = HomeView.swift; sourceTree = "<group>"; };
		A2000000000000000000000C /* SettingsView.swift */ = {isa = PBXFileReference; lastKnownFileType = sourcecode.swift; path = SettingsView.swift; sourceTree = "<group>"; };
		A20000000000000000000011 /* AppIntents.swift */ = {isa = PBXFileReference; lastKnownFileType = sourcecode.swift; path = AppIntents.swift; sourceTree = "<group>"; };
		A2000000000000000000000D /* ShareViewController.swift */ = {isa = PBXFileReference; lastKnownFileType = sourcecode.swift; path = ShareViewController.swift; sourceTree = "<group>"; };
		A2000000000000000000000E /* ClipRepositoryTests.swift */ = {isa = PBXFileReference; lastKnownFileType = sourcecode.swift; path = ClipRepositoryTests.swift; sourceTree = "<group>"; };
		A2000000000000000000000F /* HomeViewModelTests.swift */ = {isa = PBXFileReference; lastKnownFileType = sourcecode.swift; path = HomeViewModelTests.swift; sourceTree = "<group>"; };
		A20000000000000000000010 /* SharedPayloadStoreTests.swift */ = {isa = PBXFileReference; lastKnownFileType = sourcecode.swift; path = SharedPayloadStoreTests.swift; sourceTree = "<group>"; };
		A20000000000000000000020 /* QuickSave.app */ = {isa = PBXFileReference; explicitFileType = wrapper.application; includeInIndex = 0; path = QuickSave.app; sourceTree = BUILT_PRODUCTS_DIR; };
		A20000000000000000000021 /* QuickSaveShare.appex */ = {isa = PBXFileReference; explicitFileType = wrapper.app-extension; includeInIndex = 0; path = QuickSaveShare.appex; sourceTree = BUILT_PRODUCTS_DIR; };
		A20000000000000000000022 /* QuickSaveTests.xctest */ = {isa = PBXFileReference; explicitFileType = wrapper.cfbundle; includeInIndex = 0; path = QuickSaveTests.xctest; sourceTree = BUILT_PRODUCTS_DIR; };
		A20000000000000000000030 /* QuickSaveWidgetBundle.swift */ = {isa = PBXFileReference; lastKnownFileType = sourcecode.swift; path = QuickSaveWidgetBundle.swift; sourceTree = "<group>"; };
		A20000000000000000000031 /* SaveClipboardIntent.swift */ = {isa = PBXFileReference; lastKnownFileType = sourcecode.swift; path = SaveClipboardIntent.swift; sourceTree = "<group>"; };
		A20000000000000000000032 /* QuickSaveService.swift */ = {isa = PBXFileReference; lastKnownFileType = sourcecode.swift; path = QuickSaveService.swift; sourceTree = "<group>"; };
		A20000000000000000000034 /* QuickSaveWidget.appex */ = {isa = PBXFileReference; explicitFileType = wrapper.app-extension; includeInIndex = 0; path = QuickSaveWidget.appex; sourceTree = BUILT_PRODUCTS_DIR; };
		A20000000000000000000035 /* QuickSaveResultStore.swift */ = {isa = PBXFileReference; lastKnownFileType = sourcecode.swift; path = QuickSaveResultStore.swift; sourceTree = "<group>"; };
		A20000000000000000000036 /* QuickSaveServiceTests.swift */ = {isa = PBXFileReference; lastKnownFileType = sourcecode.swift; path = QuickSaveServiceTests.swift; sourceTree = "<group>"; };
		A20000000000000000000037 /* QuickSaveIntegrationTests.swift */ = {isa = PBXFileReference; lastKnownFileType = sourcecode.swift; path = QuickSaveIntegrationTests.swift; sourceTree = "<group>"; };
		A20000000000000000000038 /* QuickSaveUITests.swift */ = {isa = PBXFileReference; lastKnownFileType = sourcecode.swift; path = QuickSaveUITests.swift; sourceTree = "<group>"; };
		A20000000000000000000039 /* QuickSaveUITests.xctest */ = {isa = PBXFileReference; explicitFileType = wrapper.cfbundle; includeInIndex = 0; path = QuickSaveUITests.xctest; sourceTree = BUILT_PRODUCTS_DIR; };
/* End PBXFileReference section */

/* Begin PBXFrameworksBuildPhase section */
		A30000000000000000000001 /* Frameworks */ = {isa = PBXFrameworksBuildPhase; buildActionMask = 2147483647; files = (); runOnlyForDeploymentPostprocessing = 0; };
		A30000000000000000000002 /* Share Frameworks */ = {isa = PBXFrameworksBuildPhase; buildActionMask = 2147483647; files = (); runOnlyForDeploymentPostprocessing = 0; };
		A30000000000000000000003 /* Test Frameworks */ = {isa = PBXFrameworksBuildPhase; buildActionMask = 2147483647; files = (); runOnlyForDeploymentPostprocessing = 0; };
		A30000000000000000000004 /* Widget Frameworks */ = {isa = PBXFrameworksBuildPhase; buildActionMask = 2147483647; files = (); runOnlyForDeploymentPostprocessing = 0; };
		A30000000000000000000005 /* UITest Frameworks */ = {isa = PBXFrameworksBuildPhase; buildActionMask = 2147483647; files = (); runOnlyForDeploymentPostprocessing = 0; };
/* End PBXFrameworksBuildPhase section */

/* Begin PBXGroup section */
		A40000000000000000000001 = {
			isa = PBXGroup;
			children = (
				A40000000000000000000002 /* QuickSave */,
				A40000000000000000000003 /* QuickSaveShare */,
				A40000000000000000000004 /* QuickSaveTests */,
				A4000000000000000000000C /* QuickSaveWidget */,
				A4000000000000000000000D /* QuickSaveUITests */,
				A40000000000000000000005 /* Products */,
			);
			sourceTree = "<group>";
		};
		A40000000000000000000002 /* QuickSave */ = {
			isa = PBXGroup;
			children = (
				A20000000000000000000001 /* QuickSaveApp.swift */,
				A40000000000000000000006 /* Models */,
				A40000000000000000000007 /* Repositories */,
				A40000000000000000000008 /* Storage */,
				A40000000000000000000009 /* Support */,
				A4000000000000000000000A /* ViewModels */,
				A4000000000000000000000B /* Views */,
			);
			path = QuickSave;
			sourceTree = "<group>";
		};
		A40000000000000000000006 /* Models */ = {
			isa = PBXGroup;
			children = ( A20000000000000000000002 /* ClipModels.swift */ );
			path = Models;
			sourceTree = "<group>";
		};
		A40000000000000000000007 /* Repositories */ = {
			isa = PBXGroup;
			children = ( A20000000000000000000006 /* ClipRepository.swift */ );
			path = Repositories;
			sourceTree = "<group>";
		};
		A40000000000000000000008 /* Storage */ = {
			isa = PBXGroup;
			children = (
				A20000000000000000000003 /* PreferencesStore.swift */,
				A20000000000000000000004 /* BookmarkFileDataSource.swift */,
				A20000000000000000000005 /* SharedPayloadStore.swift */,
				A20000000000000000000035 /* QuickSaveResultStore.swift */,
			);
			path = Storage;
			sourceTree = "<group>";
		};
		A40000000000000000000009 /* Support */ = {
			isa = PBXGroup;
			children = (
				A20000000000000000000007 /* AppDependencies.swift */,
				A20000000000000000000011 /* AppIntents.swift */,
				A20000000000000000000032 /* QuickSaveService.swift */,
			);
			path = Support;
			sourceTree = "<group>";
		};
		A4000000000000000000000A /* ViewModels */ = {
			isa = PBXGroup;
			children = (
				A20000000000000000000008 /* HomeViewModel.swift */,
				A20000000000000000000009 /* SettingsViewModel.swift */,
			);
			path = ViewModels;
			sourceTree = "<group>";
		};
		A4000000000000000000000B /* Views */ = {
			isa = PBXGroup;
			children = (
				A2000000000000000000000A /* QuickSaveStyle.swift */,
				A2000000000000000000000B /* HomeView.swift */,
				A2000000000000000000000C /* SettingsView.swift */,
			);
			path = Views;
			sourceTree = "<group>";
		};
		A40000000000000000000003 /* QuickSaveShare */ = {
			isa = PBXGroup;
			children = ( A2000000000000000000000D );
			path = QuickSaveShare;
			sourceTree = "<group>";
		};
		A40000000000000000000004 /* QuickSaveTests */ = {
			isa = PBXGroup;
			children = (
				A2000000000000000000000E,
				A2000000000000000000000F,
				A20000000000000000000010,
				A20000000000000000000036 /* QuickSaveServiceTests.swift */,
				A20000000000000000000037 /* QuickSaveIntegrationTests.swift */,
			);
			path = QuickSaveTests;
			sourceTree = "<group>";
		};
		A4000000000000000000000C /* QuickSaveWidget */ = {
			isa = PBXGroup;
			children = (
				A20000000000000000000030 /* QuickSaveWidgetBundle.swift */,
				A20000000000000000000031 /* SaveClipboardIntent.swift */,
			);
			path = QuickSaveWidget;
			sourceTree = "<group>";
		};
		A4000000000000000000000D /* QuickSaveUITests */ = {
			isa = PBXGroup;
			children = (
				A20000000000000000000038 /* QuickSaveUITests.swift */,
			);
			path = QuickSaveUITests;
			sourceTree = "<group>";
		};
		A40000000000000000000005 /* Products */ = {
			isa = PBXGroup;
			children = (
				A20000000000000000000020,
				A20000000000000000000021,
				A20000000000000000000022,
				A20000000000000000000034 /* QuickSaveWidget.appex */,
				A20000000000000000000039 /* QuickSaveUITests.xctest */,
			);
			name = Products;
			sourceTree = "<group>";
		};
/* End PBXGroup section */

/* Begin PBXNativeTarget section */
		A50000000000000000000001 /* QuickSave */ = {
			isa = PBXNativeTarget;
			buildConfigurationList = A60000000000000000000001 /* Build configuration list for QuickSave */;
			buildPhases = (
				A30000000000000000000001,
				A70000000000000000000001 /* QuickSave Sources */,
				A70000000000000000000002 /* QuickSave Resources */,
				A70000000000000000000007 /* Embed Foundation Extensions */,
			);
			buildRules = ();
			dependencies = ( A80000000000000000000002, A80000000000000000000003 );
			name = QuickSave;
			productName = QuickSave;
			productReference = A20000000000000000000020;
			productType = "com.apple.product-type.application";
		};
		A50000000000000000000002 /* QuickSaveShare */ = {
			isa = PBXNativeTarget;
			buildConfigurationList = A60000000000000000000002 /* Build configuration list for QuickSaveShare */;
			buildPhases = (
				A30000000000000000000002,
				A70000000000000000000003 /* Share Sources */,
				A70000000000000000000004 /* Share Resources */,
			);
			buildRules = ();
			dependencies = ();
			name = QuickSaveShare;
			productName = QuickSaveShare;
			productReference = A20000000000000000000021;
			productType = "com.apple.product-type.app-extension";
		};
		A50000000000000000000003 /* QuickSaveTests */ = {
			isa = PBXNativeTarget;
			buildConfigurationList = A60000000000000000000003 /* Build configuration list for QuickSaveTests */;
			buildPhases = (
				A30000000000000000000003,
				A70000000000000000000005 /* Test Sources */,
				A70000000000000000000006 /* Test Resources */,
			);
			buildRules = ();
			dependencies = ( A80000000000000000000001 );
			name = QuickSaveTests;
			productName = QuickSaveTests;
			productReference = A20000000000000000000022;
			productType = "com.apple.product-type.bundle.unit-test";
		};
		A50000000000000000000004 /* QuickSaveWidget */ = {
			isa = PBXNativeTarget;
			buildConfigurationList = A60000000000000000000004 /* Build configuration list for QuickSaveWidget */;
			buildPhases = (
				A30000000000000000000004,
				A70000000000000000000008 /* Widget Sources */,
				A70000000000000000000009 /* Widget Resources */,
			);
			buildRules = ();
			dependencies = ();
			name = QuickSaveWidget;
			productName = QuickSaveWidget;
			productReference = A20000000000000000000034;
			productType = "com.apple.product-type.app-extension";
		};
		A50000000000000000000005 /* QuickSaveUITests */ = {
			isa = PBXNativeTarget;
			buildConfigurationList = A60000000000000000000005 /* Build configuration list for QuickSaveUITests */;
			buildPhases = (
				A30000000000000000000005,
				A7000000000000000000000A /* UITest Sources */,
				A7000000000000000000000B /* UITest Resources */,
			);
			buildRules = ();
			dependencies = ( A80000000000000000000004 );
			name = QuickSaveUITests;
			productName = QuickSaveUITests;
			productReference = A20000000000000000000039;
			productType = "com.apple.product-type.bundle.ui-testing";
		};
/* End PBXNativeTarget section */

/* Begin PBXProject section */
		A90000000000000000000001 /* Project object */ = {
			isa = PBXProject;
			attributes = { LastUpgradeCheck = 1600; TargetAttributes = { A50000000000000000000001 = { CreatedOnToolsVersion = 16.0; }; A50000000000000000000002 = { CreatedOnToolsVersion = 16.0; }; A50000000000000000000003 = { CreatedOnToolsVersion = 16.0; TestTargetID = A50000000000000000000001; }; A50000000000000000000004 = { CreatedOnToolsVersion = 16.0; }; A50000000000000000000005 = { CreatedOnToolsVersion = 16.0; TestTargetID = A50000000000000000000001; }; }; };
			buildConfigurationList = A60000000000000000000000 /* Build configuration list for PBXProject */;
			compatibilityVersion = "Xcode 14.0";
			developmentRegion = en;
			hasScannedForEncodings = 0;
			knownRegions = ( en, zh-Hans, Base );
			mainGroup = A40000000000000000000001;
			productRefGroup = A40000000000000000000005;
			projectDirPath = "";
			projectRoot = "";
			targets = ( A50000000000000000000001, A50000000000000000000002, A50000000000000000000003, A50000000000000000000004, A50000000000000000000005 );
		};
/* End PBXProject section */

/* Begin PBXResourcesBuildPhase section */
		A70000000000000000000002 /* QuickSave Resources */ = {isa = PBXResourcesBuildPhase; buildActionMask = 2147483647; files = (); runOnlyForDeploymentPostprocessing = 0; };
		A70000000000000000000004 /* Share Resources */ = {isa = PBXResourcesBuildPhase; buildActionMask = 2147483647; files = (); runOnlyForDeploymentPostprocessing = 0; };
		A70000000000000000000006 /* Test Resources */ = {isa = PBXResourcesBuildPhase; buildActionMask = 2147483647; files = (); runOnlyForDeploymentPostprocessing = 0; };
		A70000000000000000000009 /* Widget Resources */ = {isa = PBXResourcesBuildPhase; buildActionMask = 2147483647; files = (); runOnlyForDeploymentPostprocessing = 0; };
		A7000000000000000000000B /* UITest Resources */ = {isa = PBXResourcesBuildPhase; buildActionMask = 2147483647; files = (); runOnlyForDeploymentPostprocessing = 0; };
/* End PBXResourcesBuildPhase section */

/* Begin PBXCopyFilesBuildPhase section */
		A70000000000000000000007 /* Embed Foundation Extensions */ = {isa = PBXCopyFilesBuildPhase; buildActionMask = 2147483647; dstPath = ""; dstSubfolderSpec = 13; files = ( A10000000000000000000012, A10000000000000000000039 ); name = "Embed Foundation Extensions"; runOnlyForDeploymentPostprocessing = 0; };
/* End PBXCopyFilesBuildPhase section */

/* Begin PBXSourcesBuildPhase section */
		A70000000000000000000001 /* QuickSave Sources */ = {isa = PBXSourcesBuildPhase; buildActionMask = 2147483647; files = ( A10000000000000000000001, A10000000000000000000002, A10000000000000000000003, A10000000000000000000004, A10000000000000000000005, A10000000000000000000006, A10000000000000000000007, A10000000000000000000008, A10000000000000000000009, A1000000000000000000000A, A1000000000000000000000B, A1000000000000000000000C, A10000000000000000000013, A1000000000000000000003C, A10000000000000000000038 ); runOnlyForDeploymentPostprocessing = 0; };
		A70000000000000000000003 /* Share Sources */ = {isa = PBXSourcesBuildPhase; buildActionMask = 2147483647; files = ( A1000000000000000000000D, A10000000000000000000011, A10000000000000000000014, A10000000000000000000015, A10000000000000000000016, A10000000000000000000017 ); runOnlyForDeploymentPostprocessing = 0; };
		A70000000000000000000005 /* Test Sources */ = {isa = PBXSourcesBuildPhase; buildActionMask = 2147483647; files = ( A1000000000000000000000E, A1000000000000000000000F, A10000000000000000000010, A1000000000000000000003B, A1000000000000000000003E ); runOnlyForDeploymentPostprocessing = 0; };
		A70000000000000000000008 /* Widget Sources */ = {isa = PBXSourcesBuildPhase; buildActionMask = 2147483647; files = ( A10000000000000000000030, A10000000000000000000031, A10000000000000000000032, A10000000000000000000033, A10000000000000000000034, A10000000000000000000035, A10000000000000000000036, A10000000000000000000037, A1000000000000000000003D ); runOnlyForDeploymentPostprocessing = 0; };
		A7000000000000000000000A /* UITest Sources */ = {isa = PBXSourcesBuildPhase; buildActionMask = 2147483647; files = ( A10000000000000000000040 ); runOnlyForDeploymentPostprocessing = 0; };
/* End PBXSourcesBuildPhase section */

/* Begin PBXTargetDependency section */
		A80000000000000000000001 = {isa = PBXTargetDependency; target = A50000000000000000000001; targetProxy = A81000000000000000000001; };
		A80000000000000000000002 = {isa = PBXTargetDependency; target = A50000000000000000000002; targetProxy = A81000000000000000000002; };
		A80000000000000000000003 = {isa = PBXTargetDependency; target = A50000000000000000000004; targetProxy = A81000000000000000000003; };
		A80000000000000000000004 = {isa = PBXTargetDependency; target = A50000000000000000000001; targetProxy = A81000000000000000000004; };
/* End PBXTargetDependency section */

/* Begin PBXContainerItemProxy section */
		A81000000000000000000001 = {isa = PBXContainerItemProxy; containerPortal = A90000000000000000000001; proxyType = 1; remoteGlobalIDString = A50000000000000000000001; remoteInfo = QuickSave; };
		A81000000000000000000002 = {isa = PBXContainerItemProxy; containerPortal = A90000000000000000000001; proxyType = 1; remoteGlobalIDString = A50000000000000000000002; remoteInfo = QuickSaveShare; };
		A81000000000000000000003 = {isa = PBXContainerItemProxy; containerPortal = A90000000000000000000001; proxyType = 1; remoteGlobalIDString = A50000000000000000000004; remoteInfo = QuickSaveWidget; };
		A81000000000000000000004 = {isa = PBXContainerItemProxy; containerPortal = A90000000000000000000001; proxyType = 1; remoteGlobalIDString = A50000000000000000000001; remoteInfo = QuickSave; };
/* End PBXContainerItemProxy section */

/* Begin XCBuildConfiguration section */
		A61000000000000000000001 /* Debug */ = {isa = XCBuildConfiguration; buildSettings = { ALWAYS_SEARCH_USER_PATHS = NO; CLANG_ENABLE_MODULES = YES; SDKROOT = iphoneos; SWIFT_VERSION = 5.0; }; name = Debug; };
		A61000000000000000000002 /* Release */ = {isa = XCBuildConfiguration; buildSettings = { ALWAYS_SEARCH_USER_PATHS = NO; CLANG_ENABLE_MODULES = YES; SDKROOT = iphoneos; SWIFT_VERSION = 5.0; }; name = Release; };
		A61000000000000000000003 /* App Debug */ = {isa = XCBuildConfiguration; buildSettings = { CODE_SIGN_ENTITLEMENTS = QuickSave/QuickSave.entitlements; ENABLE_TESTABILITY = YES; INFOPLIST_FILE = QuickSave/Info.plist; IPHONEOS_DEPLOYMENT_TARGET = 16.0; PRODUCT_BUNDLE_IDENTIFIER = com.ylib.quicksave.ios; PRODUCT_NAME = QuickSave; SWIFT_OPTIMIZATION_LEVEL = "-Onone"; TARGETED_DEVICE_FAMILY = "1,2"; }; name = Debug; };
		A61000000000000000000004 /* App Release */ = {isa = XCBuildConfiguration; buildSettings = { CODE_SIGN_ENTITLEMENTS = QuickSave/QuickSave.entitlements; INFOPLIST_FILE = QuickSave/Info.plist; IPHONEOS_DEPLOYMENT_TARGET = 16.0; PRODUCT_BUNDLE_IDENTIFIER = com.ylib.quicksave.ios; PRODUCT_NAME = QuickSave; SWIFT_COMPILATION_MODE = wholemodule; TARGETED_DEVICE_FAMILY = "1,2"; }; name = Release; };
		A61000000000000000000005 /* Share Debug */ = {isa = XCBuildConfiguration; buildSettings = { APPLICATION_EXTENSION_API_ONLY = YES; CODE_SIGN_ENTITLEMENTS = QuickSaveShare/QuickSaveShare.entitlements; CURRENT_PROJECT_VERSION = 1; GENERATE_INFOPLIST_FILE = YES; INFOPLIST_FILE = QuickSaveShare/Info.plist; IPHONEOS_DEPLOYMENT_TARGET = 16.0; MARKETING_VERSION = 1.0; PRODUCT_BUNDLE_IDENTIFIER = com.ylib.quicksave.ios.share; PRODUCT_NAME = QuickSaveShare; SWIFT_OPTIMIZATION_LEVEL = "-Onone"; TARGETED_DEVICE_FAMILY = "1,2"; }; name = Debug; };
		A61000000000000000000006 /* Share Release */ = {isa = XCBuildConfiguration; buildSettings = { APPLICATION_EXTENSION_API_ONLY = YES; CODE_SIGN_ENTITLEMENTS = QuickSaveShare/QuickSaveShare.entitlements; CURRENT_PROJECT_VERSION = 1; GENERATE_INFOPLIST_FILE = YES; INFOPLIST_FILE = QuickSaveShare/Info.plist; IPHONEOS_DEPLOYMENT_TARGET = 16.0; MARKETING_VERSION = 1.0; PRODUCT_BUNDLE_IDENTIFIER = com.ylib.quicksave.ios.share; PRODUCT_NAME = QuickSaveShare; TARGETED_DEVICE_FAMILY = "1,2"; }; name = Release; };
		A61000000000000000000007 /* Test Debug */ = {isa = XCBuildConfiguration; buildSettings = { BUNDLE_LOADER = "$(TEST_HOST)"; GENERATE_INFOPLIST_FILE = YES; IPHONEOS_DEPLOYMENT_TARGET = 16.0; PRODUCT_BUNDLE_IDENTIFIER = com.ylib.quicksave.ios.tests; PRODUCT_NAME = QuickSaveTests; SWIFT_VERSION = 5.0; TARGETED_DEVICE_FAMILY = "1,2"; TEST_HOST = "$(BUILT_PRODUCTS_DIR)/QuickSave.app/QuickSave"; }; name = Debug; };
		A61000000000000000000008 /* Test Release */ = {isa = XCBuildConfiguration; buildSettings = { BUNDLE_LOADER = "$(TEST_HOST)"; GENERATE_INFOPLIST_FILE = YES; IPHONEOS_DEPLOYMENT_TARGET = 16.0; PRODUCT_BUNDLE_IDENTIFIER = com.ylib.quicksave.ios.tests; PRODUCT_NAME = QuickSaveTests; SWIFT_VERSION = 5.0; TARGETED_DEVICE_FAMILY = "1,2"; TEST_HOST = "$(BUILT_PRODUCTS_DIR)/QuickSave.app/QuickSave"; }; name = Release; };
		A61000000000000000000009 /* Widget Debug */ = {isa = XCBuildConfiguration; buildSettings = { APPLICATION_EXTENSION_API_ONLY = YES; CODE_SIGN_ENTITLEMENTS = QuickSaveWidget/QuickSaveWidget.entitlements; CURRENT_PROJECT_VERSION = 1; GENERATE_INFOPLIST_FILE = YES; INFOPLIST_FILE = QuickSaveWidget/Info.plist; IPHONEOS_DEPLOYMENT_TARGET = 18.0; MARKETING_VERSION = 1.0; PRODUCT_BUNDLE_IDENTIFIER = com.ylib.quicksave.ios.widget; PRODUCT_NAME = QuickSaveWidget; SWIFT_EMIT_LOC_STRINGS = YES; SWIFT_OPTIMIZATION_LEVEL = "-Onone"; SWIFT_VERSION = 5.0; TARGETED_DEVICE_FAMILY = "1,2"; }; name = Debug; };
		A6100000000000000000000A /* Widget Release */ = {isa = XCBuildConfiguration; buildSettings = { APPLICATION_EXTENSION_API_ONLY = YES; CODE_SIGN_ENTITLEMENTS = QuickSaveWidget/QuickSaveWidget.entitlements; CURRENT_PROJECT_VERSION = 1; GENERATE_INFOPLIST_FILE = YES; INFOPLIST_FILE = QuickSaveWidget/Info.plist; IPHONEOS_DEPLOYMENT_TARGET = 18.0; MARKETING_VERSION = 1.0; PRODUCT_BUNDLE_IDENTIFIER = com.ylib.quicksave.ios.widget; PRODUCT_NAME = QuickSaveWidget; SWIFT_EMIT_LOC_STRINGS = YES; SWIFT_VERSION = 5.0; TARGETED_DEVICE_FAMILY = "1,2"; }; name = Release; };
		A6100000000000000000000B /* UITest Debug */ = {isa = XCBuildConfiguration; buildSettings = { CODE_SIGN_STYLE = Automatic; CURRENT_PROJECT_VERSION = 1; GENERATE_INFOPLIST_FILE = YES; IPHONEOS_DEPLOYMENT_TARGET = 16.0; MARKETING_VERSION = 1.0; PRODUCT_BUNDLE_IDENTIFIER = com.ylib.quicksave.ios.uitests; PRODUCT_NAME = QuickSaveUITests; SWIFT_VERSION = 5.0; TARGETED_DEVICE_FAMILY = "1,2"; TEST_TARGET_NAME = QuickSave; }; name = Debug; };
		A6100000000000000000000C /* UITest Release */ = {isa = XCBuildConfiguration; buildSettings = { CODE_SIGN_STYLE = Automatic; CURRENT_PROJECT_VERSION = 1; GENERATE_INFOPLIST_FILE = YES; IPHONEOS_DEPLOYMENT_TARGET = 16.0; MARKETING_VERSION = 1.0; PRODUCT_BUNDLE_IDENTIFIER = com.ylib.quicksave.ios.uitests; PRODUCT_NAME = QuickSaveUITests; SWIFT_VERSION = 5.0; TARGETED_DEVICE_FAMILY = "1,2"; TEST_TARGET_NAME = QuickSave; }; name = Release; };
/* End XCBuildConfiguration section */

/* Begin XCConfigurationList section */
		A60000000000000000000000 /* Build configuration list for PBXProject */ = {isa = XCConfigurationList; buildConfigurations = ( A61000000000000000000001, A61000000000000000000002 ); defaultConfigurationIsVisible = 0; defaultConfigurationName = Release; };
		A60000000000000000000001 /* Build configuration list for QuickSave */ = {isa = XCConfigurationList; buildConfigurations = ( A61000000000000000000003, A61000000000000000000004 ); defaultConfigurationIsVisible = 0; defaultConfigurationName = Release; };
		A60000000000000000000002 /* Build configuration list for QuickSaveShare */ = {isa = XCConfigurationList; buildConfigurations = ( A61000000000000000000005, A61000000000000000000006 ); defaultConfigurationIsVisible = 0; defaultConfigurationName = Release; };
		A60000000000000000000003 /* Build configuration list for QuickSaveTests */ = {isa = XCConfigurationList; buildConfigurations = ( A61000000000000000000007, A61000000000000000000008 ); defaultConfigurationIsVisible = 0; defaultConfigurationName = Release; };
		A60000000000000000000004 /* Build configuration list for QuickSaveWidget */ = {isa = XCConfigurationList; buildConfigurations = ( A61000000000000000000009, A6100000000000000000000A ); defaultConfigurationIsVisible = 0; defaultConfigurationName = Release; };
		A60000000000000000000005 /* Build configuration list for QuickSaveUITests */ = {isa = XCConfigurationList; buildConfigurations = ( A6100000000000000000000B, A6100000000000000000000C ); defaultConfigurationIsVisible = 0; defaultConfigurationName = Release; };
/* End XCConfigurationList section */
	};
	rootObject = A90000000000000000000001;
}
